Microsoft Visual Studio Solution File, Format Version 12.00
# Visual Studio Version 17
VisualStudioVersion = 17.5.2.0
MinimumVisualStudioVersion = 10.0.40219.1
Project("{FAE04EC0-301F-11D3-BF4B-00C04F79EFBC}") = "DSA_Test", "DSA_Test\DSA_Test.csproj", "{1006CB56-6B78-0D64-0507-8586CFB7C960}"
EndProject
Global
	GlobalSection(SolutionConfigurationPlatforms) = preSolution
		Debug|Any CPU = Debug|Any CPU
		Release|Any CPU = Release|Any CPU
	EndGlobalSection
	GlobalSection(ProjectConfigurationPlatforms) = postSolution
		{1006CB56-6B78-0D64-0507-8586CFB7C960}.Debug|Any CPU.ActiveCfg = Debug|Any CPU
		{1006CB56-6B78-0D64-0507-8586CFB7C960}.Debug|Any CPU.Build.0 = Debug|Any CPU
		{1006CB56-6B78-0D64-0507-8586CFB7C960}.Release|Any CPU.ActiveCfg = Release|Any CPU
		{1006CB56-6B78-0D64-0507-8586CFB7C960}.Release|Any CPU.Build.0 = Release|Any CPU
	EndGlobalSection
	GlobalSection(SolutionProperties) = preSolution
		HideSolutionNode = FALSE
	EndGlobalSection
	GlobalSection(ExtensibilityGlobals) = postSolution
		SolutionGuid = {BBA3F59B-3496-4FA2-AE16-DB9E7221FE37}
	EndGlobalSection
EndGlobal
